{
  "name": "MSN",
  "lockfileVersion": 2,
  "requires": true,
  "packages": {
    "": {
      "dependencies": {
        "primeng": "^16.3.1"
      }
    },
    "node_modules/@angular/common": {
      "version": "16.2.4",
      "resolved": "https://registry.npmjs.org/@angular/common/-/common-16.2.4.tgz",
      "integrity": "sha512-MsZfO/XedwL/3WKMgvefLOKz6w/eRQuRUYjhJtjCImqQB7evDLohjgfNY0tYPeyr1a+N6ekMyFbIAJdKlirOsg==",
      "peer": true,
      "dependencies": {
        "tslib": "^2.3.0"
      },
      "engines": {
        "node": "^16.14.0 || >=18.10.0"
      },
      "peerDependencies": {
        "@angular/core": "16.2.4",
        "rxjs": "^6.5.3 || ^7.4.0"
      }
    },
    "node_modules/@angular/core": {
      "version": "16.2.4",
      "resolved": "https://registry.npmjs.org/@angular/core/-/core-16.2.4.tgz",
      "integrity": "sha512-8A1WGGvsKbwSEKoa1y6yBHgOBgv/4hCMo01HJv6BR9ApBjsjpBjXG3ltfRq293j9NF8tSu6gQMs7jrc2uVXZCg==",
      "peer": true,
      "dependencies": {
        "tslib": "^2.3.0"
      },
      "engines": {
        "node": "^16.14.0 || >=18.10.0"
      },
      "peerDependencies": {
        "rxjs": "^6.5.3 || ^7.4.0",
        "zone.js": "~0.13.0"
      }
    },
    "node_modules/@angular/forms": {
      "version": "16.2.4",
      "resolved": "https://registry.npmjs.org/@angular/forms/-/forms-16.2.4.tgz",
      "integrity": "sha512-rf8KcgV1C4UVnpiyzTKihHdvDTv2tYH6k2406+HXL3ebP6bpIWsUsfxn08k+7gGELcLm7laFUdQBAwk3Ti5g3Q==",
      "peer": true,
      "dependencies": {
        "tslib": "^2.3.0"
      },
      "engines": {
        "node": "^16.14.0 || >=18.10.0"
      },
      "peerDependencies": {
        "@angular/common": "16.2.4",
        "@angular/core": "16.2.4",
        "@angular/platform-browser": "16.2.4",
        "rxjs": "^6.5.3 || ^7.4.0"
      }
    },
    "node_modules/@angular/platform-browser": {
      "version": "16.2.4",
      "resolved": "https://registry.npmjs.org/@angular/platform-browser/-/platform-browser-16.2.4.tgz",
      "integrity": "sha512-1Mw7bD1TE1XtrMLPhqHjvd/TIHY9dEEnDzTHWajhaj4PCQ+eh4jF9X4mzU5K2RNJjbyTNf0ikbg18RGZSyHtpw==",
      "peer": true,
      "dependencies": {
        "tslib": "^2.3.0"
      },
      "engines": {
        "node": "^16.14.0 || >=18.10.0"
      },
      "peerDependencies": {
        "@angular/animations": "16.2.4",
        "@angular/common": "16.2.4",
        "@angular/core": "16.2.4"
      },
      "peerDependenciesMeta": {
        "@angular/animations": {
          "optional": true
        }
      }
    },
    "node_modules/primeng": {
      "version": "16.3.1",
      "resolved": "https://registry.npmjs.org/primeng/-/primeng-16.3.1.tgz",
      "integrity": "sha512-7HdAhng5Kj1nJ4KaXZyQousw/0VCQMzq4AyVt4HD+2fl52Bl13WZPV5a+P7SpMKOXVTEDed3U6EeAxDRpbu7iw==",
      "dependencies": {
        "tslib": "^2.3.0"
      },
      "peerDependencies": {
        "@angular/common": "^16.2.0",
        "@angular/core": "^16.2.0",
        "@angular/forms": "^16.2.0",
        "rxjs": "^6.0.0 || ^7.8.1",
        "zone.js": "~0.13.0"
      }
    },
    "node_modules/rxjs": {
      "version": "7.8.1",
      "resolved": "https://registry.npmjs.org/rxjs/-/rxjs-7.8.1.tgz",
      "integrity": "sha512-AA3TVj+0A2iuIoQkWEK/tqFjBq2j+6PO6Y0zJcvzLAFhEFIO3HL0vls9hWLncZbAAbK0mar7oZ4V079I/qPMxg==",
      "peer": true,
      "dependencies": {
        "tslib": "^2.1.0"
      }
    },
    "node_modules/tslib": {
      "version": "2.6.2",
      "resolved": "https://registry.npmjs.org/tslib/-/tslib-2.6.2.tgz",
      "integrity": "sha512-AEYxH93jGFPn/a2iVAwW87VuUIkR1FVUKB77NwMF7nBTDkDrrT/Hpt/IrCJ0QXhW27jTBDcf5ZY7w6RiqTMw2Q=="
    },
    "node_modules/zone.js": {
      "version": "0.13.1",
      "resolved": "https://registry.npmjs.org/zone.js/-/zone.js-0.13.1.tgz",
      "integrity": "sha512-+bIeDAFEBYuXRuU3qGQvzdPap+N1zjM4KkBAiiQuVVCrHrhjDuY6VkUhNa5+U27+9w0q3fbKiMCbpJ0XzMmSWA==",
      "peer": true,
      "dependencies": {
        "tslib": "^2.3.0"
      }
    }
  },
  "dependencies": {
    "@angular/common": {
      "version": "16.2.4",
      "resolved": "https://registry.npmjs.org/@angular/common/-/common-16.2.4.tgz",
      "integrity": "sha512-MsZfO/XedwL/3WKMgvefLOKz6w/eRQuRUYjhJtjCImqQB7evDLohjgfNY0tYPeyr1a+N6ekMyFbIAJdKlirOsg==",
      "peer": true,
      "requires": {
        "tslib": "^2.3.0"
      }
    },
    "@angular/core": {
      "version": "16.2.4",
      "resolved": "https://registry.npmjs.org/@angular/core/-/core-16.2.4.tgz",
      "integrity": "sha512-8A1WGGvsKbwSEKoa1y6yBHgOBgv/4hCMo01HJv6BR9ApBjsjpBjXG3ltfRq293j9NF8tSu6gQMs7jrc2uVXZCg==",
      "peer": true,
      "requires": {
        "tslib": "^2.3.0"
      }
    },
    "@angular/forms": {
      "version": "16.2.4",
      "resolved": "https://registry.npmjs.org/@angular/forms/-/forms-16.2.4.tgz",
      "integrity": "sha512-rf8KcgV1C4UVnpiyzTKihHdvDTv2tYH6k2406+HXL3ebP6bpIWsUsfxn08k+7gGELcLm7laFUdQBAwk3Ti5g3Q==",
      "peer": true,
      "requires": {
        "tslib": "^2.3.0"
      }
    },
    "@angular/platform-browser": {
      "version": "16.2.4",
      "resolved": "https://registry.npmjs.org/@angular/platform-browser/-/platform-browser-16.2.4.tgz",
      "integrity": "sha512-1Mw7bD1TE1XtrMLPhqHjvd/TIHY9dEEnDzTHWajhaj4PCQ+eh4jF9X4mzU5K2RNJjbyTNf0ikbg18RGZSyHtpw==",
      "peer": true,
      "requires": {
        "tslib": "^2.3.0"
      }
    },
    "primeng": {
      "version": "16.3.1",
      "resolved": "https://registry.npmjs.org/primeng/-/primeng-16.3.1.tgz",
      "integrity": "sha512-7HdAhng5Kj1nJ4KaXZyQousw/0VCQMzq4AyVt4HD+2fl52Bl13WZPV5a+P7SpMKOXVTEDed3U6EeAxDRpbu7iw==",
      "requires": {
        "tslib": "^2.3.0"
      }
    },
    "rxjs": {
      "version": "7.8.1",
      "resolved": "https://registry.npmjs.org/rxjs/-/rxjs-7.8.1.tgz",
      "integrity": "sha512-AA3TVj+0A2iuIoQkWEK/tqFjBq2j+6PO6Y0zJcvzLAFhEFIO3HL0vls9hWLncZbAAbK0mar7oZ4V079I/qPMxg==",
      "peer": true,
      "requires": {
        "tslib": "^2.1.0"
      }
    },
    "tslib": {
      "version": "2.6.2",
      "resolved": "https://registry.npmjs.org/tslib/-/tslib-2.6.2.tgz",
      "integrity": "sha512-AEYxH93jGFPn/a2iVAwW87VuUIkR1FVUKB77NwMF7nBTDkDrrT/Hpt/IrCJ0QXhW27jTBDcf5ZY7w6RiqTMw2Q=="
    },
    "zone.js": {
      "version": "0.13.1",
      "resolved": "https://registry.npmjs.org/zone.js/-/zone.js-0.13.1.tgz",
      "integrity": "sha512-+bIeDAFEBYuXRuU3qGQvzdPap+N1zjM4KkBAiiQuVVCrHrhjDuY6VkUhNa5+U27+9w0q3fbKiMCbpJ0XzMmSWA==",
      "peer": true,
      "requires": {
        "tslib": "^2.3.0"
      }
    }
  }
}
